{
  "name": "webroot",
  "requires": true,
  "lockfileVersion": 1,
  "dependencies": {
    "config-chain": {
      "version": "1.1.11",
      "resolved": "https://registry.npmjs.org/config-chain/-/config-chain-1.1.11.tgz",
      "integrity": "sha1-q6CXR9++TD5w52am5BWG4YWfxvI=",
      "requires": {
        "ini": "1.3.5",
        "proto-list": "1.2.4"
      }
    },
    "ini": {
      "version": "1.3.5",
      "resolved": "https://registry.npmjs.org/ini/-/ini-1.3.5.tgz",
      "integrity": "sha512-RZY5huIKCMRWDUqZlEi72f/lmXKMvuszcMBduliQ3nnWbx9X/ZBQO7DijMEYS9EhHBb2qacRUMtC7svLwe0lcw=="
    },
    "proto-list": {
      "version": "1.2.4",
      "resolved": "https://registry.npmjs.org/proto-list/-/proto-list-1.2.4.tgz",
      "integrity": "sha1-IS1b/hMYMGpCD2QCuOJv85ZHqEk="
    },
    "vanilla-autokana": {
      "version": "1.1.0",
      "resolved": "https://registry.npmjs.org/vanilla-autokana/-/vanilla-autokana-1.1.0.tgz",
      "integrity": "sha512-PcX9EhBFvQpp9MBRgEpXeJUGZHLMf9TwWEbGdXeCsoAU/uE7No3f/3G4SEEj2rma1Ib3s71KOwzSK16wRESO1A=="
    }
  }
}
